
Microsoft Visual Studio Solution File, Format Version 12.00
# Visual Studio 15
VisualStudioVersion = 15.0.28010.2048
MinimumVisualStudioVersion = 10.0.40219.1
Project("{FAE04EC0-301F-11D3-BF4B-00C04F79EFBC}") = "chtr", "chtr\chtr.csproj", "{B68BF921-A0E6-4A53-89F4-C7B3E5CD943F}"
EndProject
Global
	GlobalSection(SolutionConfigurationPlatforms) = preSolution
		Debug|Any CPU = Debug|Any CPU
		Release|Any CPU = Release|Any CPU
	EndGlobalSection
	GlobalSection(ProjectConfigurationPlatforms) = postSolution
		{B68BF921-A0E6-4A53-89F4-C7B3E5CD943F}.Debug|Any CPU.ActiveCfg = Debug|Any CPU
		{B68BF921-A0E6-4A53-89F4-C7B3E5CD943F}.Debug|Any CPU.Build.0 = Debug|Any CPU
		{B68BF921-A0E6-4A53-89F4-C7B3E5CD943F}.Release|Any CPU.ActiveCfg = Release|Any CPU
		{B68BF921-A0E6-4A53-89F4-C7B3E5CD943F}.Release|Any CPU.Build.0 = Release|Any CPU
	EndGlobalSection
	GlobalSection(SolutionProperties) = preSolution
		HideSolutionNode = FALSE
	EndGlobalSection
	GlobalSection(ExtensibilityGlobals) = postSolution
		SolutionGuid = {577EEFC8-1FBE-4F59-BB86-0E170E4139E6}
	EndGlobalSection
EndGlobal
